
Microsoft Visual Studio Solution File, Format Version 12.00
# Visual Studio 15
VisualStudioVersion = 15.0.26430.16
MinimumVisualStudioVersion = 10.0.40219.1
Project("{FAE04EC0-301F-11D3-BF4B-00C04F79EFBC}") = "RevFunc", "RevFunc\RevFunc.csproj", "{8FA96894-CA4B-482B-B39D-6A898D0B1E5A}"
EndProject
Global
	GlobalSection(SolutionConfigurationPlatforms) = preSolution
		Debug|Any CPU = Debug|Any CPU
		Release|Any CPU = Release|Any CPU
	EndGlobalSection
	GlobalSection(ProjectConfigurationPlatforms) = postSolution
		{8FA96894-CA4B-482B-B39D-6A898D0B1E5A}.Debug|Any CPU.ActiveCfg = Debug|Any CPU
		{8FA96894-CA4B-482B-B39D-6A898D0B1E5A}.Debug|Any CPU.Build.0 = Debug|Any CPU
		{8FA96894-CA4B-482B-B39D-6A898D0B1E5A}.Release|Any CPU.ActiveCfg = Release|Any CPU
		{8FA96894-CA4B-482B-B39D-6A898D0B1E5A}.Release|Any CPU.Build.0 = Release|Any CPU
	EndGlobalSection
	GlobalSection(SolutionProperties) = preSolution
		HideSolutionNode = FALSE
	EndGlobalSection
EndGlobal
